// !$*UTF8*$!
{
	archiveVersion = 1;
	classes = {
	};
	objectVersion = 46;
	objects = {

/* Begin PBXBuildFile section */
		072F99361F135D1C00EC169F /* main.m in Sources */ = {isa = PBXBuildFile; fileRef = 072F99351F135D1C00EC169F /* main.m */; };
		072F99391F135D1C00EC169F /* AppDelegate.m in Sources */ = {isa = PBXBuildFile; fileRef = 072F99381F135D1C00EC169F /* AppDelegate.m */; };
		072F993C1F135D1C00EC169F /* ViewController.m in Sources */ = {isa = PBXBuildFile; fileRef = 072F993B1F135D1C00EC169F /* ViewController.m */; };
		072F993F1F135D1C00EC169F /* Main.storyboard in Resources */ = {isa = PBXBuildFile; fileRef = 072F993D1F135D1C00EC169F /* Main.storyboard */; };
		072F99411F135D1C00EC169F /* Assets.xcassets in Resources */ = {isa = PBXBuildFile; fileRef = 072F99401F135D1C00EC169F /* Assets.xcassets */; };
		072F99441F135D1C00EC169F /* LaunchScreen.storyboard in Resources */ = {isa = PBXBuildFile; fileRef = 072F99421F135D1C00EC169F /* LaunchScreen.storyboard */; };
		072F994D1F135E9400EC169F /* GlobalTableView.m in Sources */ = {isa = PBXBuildFile; fileRef = 072F994C1F135E9400EC169F /* GlobalTableView.m */; };
		072F99511F135F5000EC169F /* Custom.m in Sources */ = {isa = PBXBuildFile; fileRef = 072F994F1F135F5000EC169F /* Custom.m */; };
		072F99521F135F5000EC169F /* Custom.xib in Resources */ = {isa = PBXBuildFile; fileRef = 072F99501F135F5000EC169F /* Custom.xib */; };
/* End PBXBuildFile section */

/* Begin PBXFileReference section */
		072F99311F135D1C00EC169F /* GlobalTableView.app */ = {isa = PBXFileReference; explicitFileType = wrapper.application; includeInIndex = 0; path = GlobalTableView.app; sourceTree = BUILT_PRODUCTS_DIR; };
		072F99351F135D1C00EC169F /* main.m */ = {isa = PBXFileReference; lastKnownFileType = sourcecode.c.objc; path = main.m; sourceTree = "<group>"; };
		072F99371F135D1C00EC169F /* AppDelegate.h */ = {isa = PBXFileReference; lastKnownFileType = sourcecode.c.h; path = AppDelegate.h; sourceTree = "<group>"; };
		072F99381F135D1C00EC169F /* AppDelegate.m */ = {isa = PBXFileReference; lastKnownFileType = sourcecode.c.objc; path = AppDelegate.m; sourceTree = "<group>"; };
		072F993A1F135D1C00EC169F /* ViewController.h */ = {isa = PBXFileReference; lastKnownFileType = sourcecode.c.h; path = ViewController.h; sourceTree = "<group>"; };
		072F993B1F135D1C00EC169F /* ViewController.m */ = {isa = PBXFileReference; lastKnownFileType = sourcecode.c.objc; path = ViewController.m; sourceTree = "<group>"; };
		072F993E1F135D1C00EC169F /* Base */ = {isa = PBXFileReference; lastKnownFileType = file.storyboard; name = Base; path = Base.lproj/Main.storyboard; sourceTree = "<group>"; };
		072F99401F135D1C00EC169F /* Assets.xcassets */ = {isa = PBXFileReference; lastKnownFileType = folder.assetcatalog; path = Assets.xcassets; sourceTree = "<group>"; };
		072F99431F135D1C00EC169F /* Base */ = {isa = PBXFileReference; lastKnownFileType = file.storyboard; name = Base; path = Base.lproj/LaunchScreen.storyboard; sourceTree = "<group>"; };
		072F99451F135D1C00EC169F /* Info.plist */ = {isa = PBXFileReference; lastKnownFileType = text.plist.xml; path = Info.plist; sourceTree = "<group>"; };
		072F994B1F135E9400EC169F /* GlobalTableView.h */ = {isa = PBXFileReference; fileEncoding = 4; lastKnownFileType = sourcecode.c.h; path = GlobalTableView.h; sourceTree = "<group>"; };
		072F994C1F135E9400EC169F /* GlobalTableView.m */ = {isa = PBXFileReference; fileEncoding = 4; lastKnownFileType = sourcecode.c.objc; path = GlobalTableView.m; sourceTree = "<group>"; };
		072F994E1F135F5000EC169F /* Custom.h */ = {isa = PBXFileReference; fileEncoding = 4; lastKnownFileType = sourcecode.c.h; path = Custom.h; sourceTree = "<group>"; };
		072F994F1F135F5000EC169F /* Custom.m */ = {isa = PBXFileReference; fileEncoding = 4; lastKnownFileType = sourcecode.c.objc; path = Custom.m; sourceTree = "<group>"; };
		072F99501F135F5000EC169F /* Custom.xib */ = {isa = PBXFileReference; fileEncoding = 4; lastKnownFileType = file.xib; path = Custom.xib; sourceTree = "<group>"; };
/* End PBXFileReference section */

/* Begin PBXFrameworksBuildPhase section */
		072F992E1F135D1C00EC169F /* Frameworks */ = {
			isa = PBXFrameworksBuildPhase;
			buildActionMask = 2147483647;
			files = (
			);
			runOnlyForDeploymentPostprocessing = 0;
		};
/* End PBXFrameworksBuildPhase section */

/* Begin PBXGroup section */
		072F99281F135D1C00EC169F = {
			isa = PBXGroup;
			children = (
				072F99331F135D1C00EC169F /* GlobalTableView */,
				072F99321F135D1C00EC169F /* Products */,
			);
			sourceTree = "<group>";
		};
		072F99321F135D1C00EC169F /* Products */ = {
			isa = PBXGroup;
			children = (
				072F99311F135D1C00EC169F /* GlobalTableView.app */,
			);
			name = Products;
			sourceTree = "<group>";
		};
		072F99331F135D1C00EC169F /* GlobalTableView */ = {
			isa = PBXGroup;
			children = (
				072F99371F135D1C00EC169F /* AppDelegate.h */,
				072F99381F135D1C00EC169F /* AppDelegate.m */,
				072F993A1F135D1C00EC169F /* ViewController.h */,
				072F993B1F135D1C00EC169F /* ViewController.m */,
				072F993D1F135D1C00EC169F /* Main.storyboard */,
				072F99401F135D1C00EC169F /* Assets.xcassets */,
				072F99421F135D1C00EC169F /* LaunchScreen.storyboard */,
				072F99451F135D1C00EC169F /* Info.plist */,
				072F99341F135D1C00EC169F /* Supporting Files */,
				072F994B1F135E9400EC169F /* GlobalTableView.h */,
				072F994C1F135E9400EC169F /* GlobalTableView.m */,
				072F994E1F135F5000EC169F /* Custom.h */,
				072F994F1F135F5000EC169F /* Custom.m */,
				072F99501F135F5000EC169F /* Custom.xib */,
			);
			path = GlobalTableView;
			sourceTree = "<group>";
		};
		072F99341F135D1C00EC169F /* Supporting Files */ = {
			isa = PBXGroup;
			children = (
				072F99351F135D1C00EC169F /* main.m */,
			);
			name = "Supporting Files";
			sourceTree = "<group>";
		};
/* End PBXGroup section */

/* Begin PBXNativeTarget section */
		072F99301F135D1C00EC169F /* GlobalTableView */ = {
			isa = PBXNativeTarget;
			buildConfigurationList = 072F99481F135D1C00EC169F /* Build configuration list for PBXNativeTarget "GlobalTableView" */;
			buildPhases = (
				072F992D1F135D1C00EC169F /* Sources */,
				072F992E1F135D1C00EC169F /* Frameworks */,
				072F992F1F135D1C00EC169F /* Resources */,
			);
			buildRules = (
			);
			dependencies = (
			);
			name = GlobalTableView;
			productName = GlobalTableView;
			productReference = 072F99311F135D1C00EC169F /* GlobalTableView.app */;
			productType = "com.apple.product-type.application";
		};
/* End PBXNativeTarget section */

/* Begin PBXProject section */
		072F99291F135D1C00EC169F /* Project object */ = {
			isa = PBXProject;
			attributes = {
				LastUpgradeCheck = 0810;
				ORGANIZATIONNAME = "Saahil Gilani";
				TargetAttributes = {
					072F99301F135D1C00EC169F = {
						CreatedOnToolsVersion = 8.1;
						DevelopmentTeam = M4B787PVJJ;
						ProvisioningStyle = Automatic;
					};
				};
			};
			buildConfigurationList = 072F992C1F135D1C00EC169F /* Build configuration list for PBXProject "GlobalTableView" */;
			compatibilityVersion = "Xcode 3.2";
			developmentRegion = English;
			hasScannedForEncodings = 0;
			knownRegions = (
				en,
				Base,
			);
			mainGroup = 072F99281F135D1C00EC169F;
			productRefGroup = 072F99321F135D1C00EC169F /* Products */;
			projectDirPath = "";
			projectRoot = "";
			targets = (
				072F99301F135D1C00EC169F /* GlobalTableView */,
			);
		};
/* End PBXProject section */

/* Begin PBXResourcesBuildPhase section */
		072F992F1F135D1C00EC169F /* Resources */ = {
			isa = PBXResourcesBuildPhase;
			buildActionMask = 2147483647;
			files = (
				072F99441F135D1C00EC169F /* LaunchScreen.storyboard in Resources */,
				072F99411F135D1C00EC169F /* Assets.xcassets in Resources */,
				072F99521F135F5000EC169F /* Custom.xib in Resources */,
				072F993F1F135D1C00EC169F /* Main.storyboard in Resources */,
			);
			runOnlyForDeploymentPostprocessing = 0;
		};
/* End PBXResourcesBuildPhase section */

/* Begin PBXSourcesBuildPhase section */
		072F992D1F135D1C00EC169F /* Sources */ = {
			isa = PBXSourcesBuildPhase;
			buildActionMask = 2147483647;
			files = (
				072F994D1F135E9400EC169F /* GlobalTableView.m in Sources */,
				072F993C1F135D1C00EC169F /* ViewController.m in Sources */,
				072F99391F135D1C00EC169F /* AppDelegate.m in Sources */,
				072F99361F135D1C00EC169F /* main.m in Sources */,
				072F99511F135F5000EC169F /* Custom.m in Sources */,
			);
			runOnlyForDeploymentPostprocessing = 0;
		};
/* End PBXSourcesBuildPhase section */

/* Begin PBXVariantGroup section */
		072F993D1F135D1C00EC169F /* Main.storyboard */ = {
			isa = PBXVariantGroup;
			children = (
				072F993E1F135D1C00EC169F /* Base */,
			);
			name = Main.storyboard;
			sourceTree = "<group>";
		};
		072F99421F135D1C00EC169F /* LaunchScreen.storyboard */ = {
			isa = PBXVariantGroup;
			children = (
				072F99431F135D1C00EC169F /* Base */,
			);
			name = LaunchScreen.storyboard;
			sourceTree = "<group>";
		};
/* End PBXVariantGroup section */

/* Begin XCBuildConfiguration section */
		072F99461F135D1C00EC169F /* Debug */ = {
			isa = XCBuildConfiguration;
			buildSettings = {
				ALWAYS_SEARCH_USER_PATHS = NO;
				CLANG_ANALYZER_NONNULL = YES;
				CLANG_CXX_LANGUAGE_STANDARD = "gnu++0x";
				CLANG_CXX_LIBRARY = "libc++";
				CLANG_ENABLE_MODULES = YES;
				CLANG_ENABLE_OBJC_ARC = YES;
				CLANG_WARN_BOOL_CONVERSION = YES;
				CLANG_WARN_CONSTANT_CONVERSION = YES;
				CLANG_WARN_DIRECT_OBJC_ISA_USAGE = YES_ERROR;
				CLANG_WARN_DOCUMENTATION_COMMENTS = YES;
				CLANG_WARN_EMPTY_BODY = YES;
				CLANG_WARN_ENUM_CONVERSION = YES;
				CLANG_WARN_INFINITE_RECURSION = YES;
				CLANG_WARN_INT_CONVERSION = YES;
				CLANG_WARN_OBJC_ROOT_CLASS = YES_ERROR;
				CLANG_WARN_SUSPICIOUS_MOVES = YES;
				CLANG_WARN_UNREACHABLE_CODE = YES;
				CLANG_WARN__DUPLICATE_METHOD_MATCH = YES;
				"CODE_SIGN_IDENTITY[sdk=iphoneos*]" = "iPhone Developer";
				COPY_PHASE_STRIP = NO;
				DEBUG_INFORMATION_FORMAT = dwarf;
				ENABLE_STRICT_OBJC_MSGSEND = YES;
				ENABLE_TESTABILITY = YES;
				GCC_C_LANGUAGE_STANDARD = gnu99;
				GCC_DYNAMIC_NO_PIC = NO;
				GCC_NO_COMMON_BLOCKS = YES;
				GCC_OPTIMIZATION_LEVEL = 0;
				GCC_PREPROCESSOR_DEFINITIONS = (
					"DEBUG=1",
					"$(inherited)",
				);
				GCC_WARN_64_TO_32_BIT_CONVERSION = YES;
				GCC_WARN_ABOUT_RETURN_TYPE = YES_ERROR;
				GCC_WARN_UNDECLARED_SELECTOR = YES;
				GCC_WARN_UNINITIALIZED_AUTOS = YES_AGGRESSIVE;
				GCC_WARN_UNUSED_FUNCTION = YES;
				GCC_WARN_UNUSED_VARIABLE = YES;
				IPHONEOS_DEPLOYMENT_TARGET = 10.1;
				MTL_ENABLE_DEBUG_INFO = YES;
				ONLY_ACTIVE_ARCH = YES;
				SDKROOT = iphoneos;
			};
			name = Debug;
		};
		072F99471F135D1C00EC169F /* Release */ = {
			isa = XCBuildConfiguration;
			buildSettings = {
				ALWAYS_SEARCH_USER_PATHS = NO;
				CLANG_ANALYZER_NONNULL = YES;
				CLANG_CXX_LANGUAGE_STANDARD = "gnu++0x";
				CLANG_CXX_LIBRARY = "libc++";
				CLANG_ENABLE_MODULES = YES;
				CLANG_ENABLE_OBJC_ARC = YES;
				CLANG_WARN_BOOL_CONVERSION = YES;
				CLANG_WARN_CONSTANT_CONVERSION = YES;
				CLANG_WARN_DIRECT_OBJC_ISA_USAGE = YES_ERROR;
				CLANG_WARN_DOCUMENTATION_COMMENTS = YES;
				CLANG_WARN_EMPTY_BODY = YES;
				CLANG_WARN_ENUM_CONVERSION = YES;
				CLANG_WARN_INFINITE_RECURSION = YES;
				CLANG_WARN_INT_CONVERSION = YES;
				CLANG_WARN_OBJC_ROOT_CLASS = YES_ERROR;
				CLANG_WARN_SUSPICIOUS_MOVES = YES;
				CLANG_WARN_UNREACHABLE_CODE = YES;
				CLANG_WARN__DUPLICATE_METHOD_MATCH = YES;
				"CODE_SIGN_IDENTITY[sdk=iphoneos*]" = "iPhone Developer";
				COPY_PHASE_STRIP = NO;
				DEBUG_INFORMATION_FORMAT = "dwarf-with-dsym";
				ENABLE_NS_ASSERTIONS = NO;
				ENABLE_STRICT_OBJC_MSGSEND = YES;
				GCC_C_LANGUAGE_STANDARD = gnu99;
				GCC_NO_COMMON_BLOCKS = YES;
				GCC_WARN_64_TO_32_BIT_CONVERSION = YES;
				GCC_WARN_ABOUT_RETURN_TYPE = YES_ERROR;
				GCC_WARN_UNDECLARED_SELECTOR = YES;
				GCC_WARN_UNINITIALIZED_AUTOS = YES_AGGRESSIVE;
				GCC_WARN_UNUSED_FUNCTION = YES;
				GCC_WARN_UNUSED_VARIABLE = YES;
				IPHONEOS_DEPLOYMENT_TARGET = 10.1;
				MTL_ENABLE_DEBUG_INFO = NO;
				SDKROOT = iphoneos;
				VALIDATE_PRODUCT = YES;
			};
			name = Release;
		};
		072F99491F135D1C00EC169F /* Debug */ = {
			isa = XCBuildConfiguration;
			buildSettings = {
				ASSETCATALOG_COMPILER_APPICON_NAME = AppIcon;
				DEVELOPMENT_TEAM = M4B787PVJJ;
				INFOPLIST_FILE = GlobalTableView/Info.plist;
				IPHONEOS_DEPLOYMENT_TARGET = 9.0;
				LD_RUNPATH_SEARCH_PATHS = "$(inherited) @executable_path/Frameworks";
				PRODUCT_BUNDLE_IDENTIFIER = ggwp.GlobalTableView;
				PRODUCT_NAME = "$(TARGET_NAME)";
			};
			name = Debug;
		};
		072F994A1F135D1C00EC169F /* Release */ = {
			isa = XCBuildConfiguration;
			buildSettings = {
				ASSETCATALOG_COMPILER_APPICON_NAME = AppIcon;
				DEVELOPMENT_TEAM = M4B787PVJJ;
				INFOPLIST_FILE = GlobalTableView/Info.plist;
				IPHONEOS_DEPLOYMENT_TARGET = 9.0;
				LD_RUNPATH_SEARCH_PATHS = "$(inherited) @executable_path/Frameworks";
				PRODUCT_BUNDLE_IDENTIFIER = ggwp.GlobalTableView;
				PRODUCT_NAME = "$(TARGET_NAME)";
			};
			name = Release;
		};
/* End XCBuildConfiguration section */

/* Begin XCConfigurationList section */
		072F992C1F135D1C00EC169F /* Build configuration list for PBXProject "GlobalTableView" */ = {
			isa = XCConfigurationList;
			buildConfigurations = (
				072F99461F135D1C00EC169F /* Debug */,
				072F99471F135D1C00EC169F /* Release */,
			);
			defaultConfigurationIsVisible = 0;
			defaultConfigurationName = Release;
		};
		072F99481F135D1C00EC169F /* Build configuration list for PBXNativeTarget "GlobalTableView" */ = {
			isa = XCConfigurationList;
			buildConfigurations = (
				072F99491F135D1C00EC169F /* Debug */,
				072F994A1F135D1C00EC169F /* Release */,
			);
			defaultConfigurationIsVisible = 0;
		};
/* End XCConfigurationList section */
	};
	rootObject = 072F99291F135D1C00EC169F /* Project object */;
}
